// !$*UTF8*$!
{
	archiveVersion = 1;
	classes = {
	};
	objectVersion = 48;
	objects = {

/* Begin PBXBuildFile section */
		5403CF42200312DD0098605A /* AppDelegate.m in Sources */ = {isa = PBXBuildFile; fileRef = 5403CF41200312DD0098605A /* AppDelegate.m */; };
		5403CF45200312DD0098605A /* ViewController.m in Sources */ = {isa = PBXBuildFile; fileRef = 5403CF44200312DD0098605A /* ViewController.m */; };
		5403CF48200312DD0098605A /* Main.storyboard in Resources */ = {isa = PBXBuildFile; fileRef = 5403CF46200312DD0098605A /* Main.storyboard */; };
		5403CF4A200312DD0098605A /* Assets.xcassets in Resources */ = {isa = PBXBuildFile; fileRef = 5403CF49200312DD0098605A /* Assets.xcassets */; };
		5403CF4D200312DD0098605A /* LaunchScreen.storyboard in Resources */ = {isa = PBXBuildFile; fileRef = 5403CF4B200312DD0098605A /* LaunchScreen.storyboard */; };
		5403CF50200312DD0098605A /* main.m in Sources */ = {isa = PBXBuildFile; fileRef = 5403CF4F200312DD0098605A /* main.m */; };
/* End PBXBuildFile section */

/* Begin PBXFileReference section */
		5403CF3D200312DD0098605A /* Pthread.app */ = {isa = PBXFileReference; explicitFileType = wrapper.application; includeInIndex = 0; path = Pthread.app; sourceTree = BUILT_PRODUCTS_DIR; };
		5403CF40200312DD0098605A /* AppDelegate.h */ = {isa = PBXFileReference; lastKnownFileType = sourcecode.c.h; path = AppDelegate.h; sourceTree = "<group>"; };
		5403CF41200312DD0098605A /* AppDelegate.m */ = {isa = PBXFileReference; lastKnownFileType = sourcecode.c.objc; path = AppDelegate.m; sourceTree = "<group>"; };
		5403CF43200312DD0098605A /* ViewController.h */ = {isa = PBXFileReference; lastKnownFileType = sourcecode.c.h; path = ViewController.h; sourceTree = "<group>"; };
		5403CF44200312DD0098605A /* ViewController.m */ = {isa = PBXFileReference; lastKnownFileType = sourcecode.c.objc; path = ViewController.m; sourceTree = "<group>"; };
		5403CF47200312DD0098605A /* Base */ = {isa = PBXFileReference; lastKnownFileType = file.storyboard; name = Base; path = Base.lproj/Main.storyboard; sourceTree = "<group>"; };
		5403CF49200312DD0098605A /* Assets.xcassets */ = {isa = PBXFileReference; lastKnownFileType = folder.assetcatalog; path = Assets.xcassets; sourceTree = "<group>"; };
		5403CF4C200312DD0098605A /* Base */ = {isa = PBXFileReference; lastKnownFileType = file.storyboard; name = Base; path = Base.lproj/LaunchScreen.storyboard; sourceTree = "<group>"; };
		5403CF4E200312DD0098605A /* Info.plist */ = {isa = PBXFileReference; lastKnownFileType = text.plist.xml; path = Info.plist; sourceTree = "<group>"; };
		5403CF4F200312DD0098605A /* main.m */ = {isa = PBXFileReference; lastKnownFileType = sourcecode.c.objc; path = main.m; sourceTree = "<group>"; };
/* End PBXFileReference section */

/* Begin PBXFrameworksBuildPhase section */
		5403CF3A200312DD0098605A /* Frameworks */ = {
			isa = PBXFrameworksBuildPhase;
			buildActionMask = 2147483647;
			files = (
			);
			runOnlyForDeploymentPostprocessing = 0;
		};
/* End PBXFrameworksBuildPhase section */

/* Begin PBXGroup section */
		5403CF34200312DD0098605A = {
			isa = PBXGroup;
			children = (
				5403CF3F200312DD0098605A /* Pthread */,
				5403CF3E200312DD0098605A /* Products */,
			);
			sourceTree = "<group>";
		};
		5403CF3E200312DD0098605A /* Products */ = {
			isa = PBXGroup;
			children = (
				5403CF3D200312DD0098605A /* Pthread.app */,
			);
			name = Products;
			sourceTree = "<group>";
		};
		5403CF3F200312DD0098605A /* Pthread */ = {
			isa = PBXGroup;
			children = (
				5403CF40200312DD0098605A /* AppDelegate.h */,
				5403CF41200312DD0098605A /* AppDelegate.m */,
				5403CF43200312DD0098605A /* ViewController.h */,
				5403CF44200312DD0098605A /* ViewController.m */,
				5403CF46200312DD0098605A /* Main.storyboard */,
				5403CF49200312DD0098605A /* Assets.xcassets */,
				5403CF4B200312DD0098605A /* LaunchScreen.storyboard */,
				5403CF4E200312DD0098605A /* Info.plist */,
				5403CF4F200312DD0098605A /* main.m */,
			);
			path = Pthread;
			sourceTree = "<group>";
		};
/* End PBXGroup section */

/* Begin PBXNativeTarget section */
		5403CF3C200312DD0098605A /* Pthread */ = {
			isa = PBXNativeTarget;
			buildConfigurationList = 5403CF53200312DD0098605A /* Build configuration list for PBXNativeTarget "Pthread" */;
			buildPhases = (
				5403CF39200312DD0098605A /* Sources */,
				5403CF3A200312DD0098605A /* Frameworks */,
				5403CF3B200312DD0098605A /* Resources */,
			);
			buildRules = (
			);
			dependencies = (
			);
			name = Pthread;
			productName = Pthread;
			productReference = 5403CF3D200312DD0098605A /* Pthread.app */;
			productType = "com.apple.product-type.application";
		};
/* End PBXNativeTarget section */

/* Begin PBXProject section */
		5403CF35200312DD0098605A /* Project object */ = {
			isa = PBXProject;
			attributes = {
				LastUpgradeCheck = 0920;
				ORGANIZATIONNAME = Bo;
				TargetAttributes = {
					5403CF3C200312DD0098605A = {
						CreatedOnToolsVersion = 9.2;
						ProvisioningStyle = Automatic;
					};
				};
			};
			buildConfigurationList = 5403CF38200312DD0098605A /* Build configuration list for PBXProject "Pthread" */;
			compatibilityVersion = "Xcode 8.0";
			developmentRegion = en;
			hasScannedForEncodings = 0;
			knownRegions = (
				en,
				Base,
			);
			mainGroup = 5403CF34200312DD0098605A;
			productRefGroup = 5403CF3E200312DD0098605A /* Products */;
			projectDirPath = "";
			projectRoot = "";
			targets = (
				5403CF3C200312DD0098605A /* Pthread */,
			);
		};
/* End PBXProject section */

/* Begin PBXResourcesBuildPhase section */
		5403CF3B200312DD0098605A /* Resources */ = {
			isa = PBXResourcesBuildPhase;
			buildActionMask = 2147483647;
			files = (
				5403CF4D200312DD0098605A /* LaunchScreen.storyboard in Resources */,
				5403CF4A200312DD0098605A /* Assets.xcassets in Resources */,
				5403CF48200312DD0098605A /* Main.storyboard in Resources */,
			);
			runOnlyForDeploymentPostprocessing = 0;
		};
/* End PBXResourcesBuildPhase section */

/* Begin PBXSourcesBuildPhase section */
		5403CF39200312DD0098605A /* Sources */ = {
			isa = PBXSourcesBuildPhase;
			buildActionMask = 2147483647;
			files = (
				5403CF45200312DD0098605A /* ViewController.m in Sources */,
				5403CF50200312DD0098605A /* main.m in Sources */,
				5403CF42200312DD0098605A /* AppDelegate.m in Sources */,
			);
			runOnlyForDeploymentPostprocessing = 0;
		};
/* End PBXSourcesBuildPhase section */

/* Begin PBXVariantGroup section */
		5403CF46200312DD0098605A /* Main.storyboard */ = {
			isa = PBXVariantGroup;
			children = (
				5403CF47200312DD0098605A /* Base */,
			);
			name = Main.storyboard;
			sourceTree = "<group>";
		};
		5403CF4B200312DD0098605A /* LaunchScreen.storyboard */ = {
			isa = PBXVariantGroup;
			children = (
				5403CF4C200312DD0098605A /* Base */,
			);
			name = LaunchScreen.storyboard;
			sourceTree = "<group>";
		};
/* End PBXVariantGroup section */

/* Begin XCBuildConfiguration section */
		5403CF51200312DD0098605A /* Debug */ = {
			isa = XCBuildConfiguration;
			buildSettings = {
				ALWAYS_SEARCH_USER_PATHS = NO;
				CLANG_ANALYZER_NONNULL = YES;
				CLANG_ANALYZER_NUMBER_OBJECT_CONVERSION = YES_AGGRESSIVE;
				CLANG_CXX_LANGUAGE_STANDARD = "gnu++14";
				CLANG_CXX_LIBRARY = "libc++";
				CLANG_ENABLE_MODULES = YES;
				CLANG_ENABLE_OBJC_ARC = YES;
				CLANG_WARN_BLOCK_CAPTURE_AUTORELEASING = YES;
				CLANG_WARN_BOOL_CONVERSION = YES;
				CLANG_WARN_COMMA = YES;
				CLANG_WARN_CONSTANT_CONVERSION = YES;
				CLANG_WARN_DIRECT_OBJC_ISA_USAGE = YES_ERROR;
				CLANG_WARN_DOCUMENTATION_COMMENTS = YES;
				CLANG_WARN_EMPTY_BODY = YES;
				CLANG_WARN_ENUM_CONVERSION = YES;
				CLANG_WARN_INFINITE_RECURSION = YES;
				CLANG_WARN_INT_CONVERSION = YES;
				CLANG_WARN_NON_LITERAL_NULL_CONVERSION = YES;
				CLANG_WARN_OBJC_LITERAL_CONVERSION = YES;
				CLANG_WARN_OBJC_ROOT_CLASS = YES_ERROR;
				CLANG_WARN_RANGE_LOOP_ANALYSIS = YES;
				CLANG_WARN_STRICT_PROTOTYPES = YES;
				CLANG_WARN_SUSPICIOUS_MOVE = YES;
				CLANG_WARN_UNGUARDED_AVAILABILITY = YES_AGGRESSIVE;
				CLANG_WARN_UNREACHABLE_CODE = YES;
				CLANG_WARN__DUPLICATE_METHOD_MATCH = YES;
				CODE_SIGN_IDENTITY = "iPhone Developer";
				COPY_PHASE_STRIP = NO;
				DEBUG_INFORMATION_FORMAT = dwarf;
				ENABLE_STRICT_OBJC_MSGSEND = YES;
				ENABLE_TESTABILITY = YES;
				GCC_C_LANGUAGE_STANDARD = gnu11;
				GCC_DYNAMIC_NO_PIC = NO;
				GCC_NO_COMMON_BLOCKS = YES;
				GCC_OPTIMIZATION_LEVEL = 0;
				GCC_PREPROCESSOR_DEFINITIONS = (
					"DEBUG=1",
					"$(inherited)",
				);
				GCC_WARN_64_TO_32_BIT_CONVERSION = YES;
				GCC_WARN_ABOUT_RETURN_TYPE = YES_ERROR;
				GCC_WARN_UNDECLARED_SELECTOR = YES;
				GCC_WARN_UNINITIALIZED_AUTOS = YES_AGGRESSIVE;
				GCC_WARN_UNUSED_FUNCTION = YES;
				GCC_WARN_UNUSED_VARIABLE = YES;
				IPHONEOS_DEPLOYMENT_TARGET = 11.2;
				MTL_ENABLE_DEBUG_INFO = YES;
				ONLY_ACTIVE_ARCH = YES;
				SDKROOT = iphoneos;
			};
			name = Debug;
		};
		5403CF52200312DD0098605A /* Release */ = {
			isa = XCBuildConfiguration;
			buildSettings = {
				ALWAYS_SEARCH_USER_PATHS = NO;
				CLANG_ANALYZER_NONNULL = YES;
				CLANG_ANALYZER_NUMBER_OBJECT_CONVERSION = YES_AGGRESSIVE;
				CLANG_CXX_LANGUAGE_STANDARD = "gnu++14";
				CLANG_CXX_LIBRARY = "libc++";
				CLANG_ENABLE_MODULES = YES;
				CLANG_ENABLE_OBJC_ARC = YES;
				CLANG_WARN_BLOCK_CAPTURE_AUTORELEASING = YES;
				CLANG_WARN_BOOL_CONVERSION = YES;
				CLANG_WARN_COMMA = YES;
				CLANG_WARN_CONSTANT_CONVERSION = YES;
				CLANG_WARN_DIRECT_OBJC_ISA_USAGE = YES_ERROR;
				CLANG_WARN_DOCUMENTATION_COMMENTS = YES;
				CLANG_WARN_EMPTY_BODY = YES;
				CLANG_WARN_ENUM_CONVERSION = YES;
				CLANG_WARN_INFINITE_RECURSION = YES;
				CLANG_WARN_INT_CONVERSION = YES;
				CLANG_WARN_NON_LITERAL_NULL_CONVERSION = YES;
				CLANG_WARN_OBJC_LITERAL_CONVERSION = YES;
				CLANG_WARN_OBJC_ROOT_CLASS = YES_ERROR;
				CLANG_WARN_RANGE_LOOP_ANALYSIS = YES;
				CLANG_WARN_STRICT_PROTOTYPES = YES;
				CLANG_WARN_SUSPICIOUS_MOVE = YES;
				CLANG_WARN_UNGUARDED_AVAILABILITY = YES_AGGRESSIVE;
				CLANG_WARN_UNREACHABLE_CODE = YES;
				CLANG_WARN__DUPLICATE_METHOD_MATCH = YES;
				CODE_SIGN_IDENTITY = "iPhone Developer";
				COPY_PHASE_STRIP = NO;
				DEBUG_INFORMATION_FORMAT = "dwarf-with-dsym";
				ENABLE_NS_ASSERTIONS = NO;
				ENABLE_STRICT_OBJC_MSGSEND = YES;
				GCC_C_LANGUAGE_STANDARD = gnu11;
				GCC_NO_COMMON_BLOCKS = YES;
				GCC_WARN_64_TO_32_BIT_CONVERSION = YES;
				GCC_WARN_ABOUT_RETURN_TYPE = YES_ERROR;
				GCC_WARN_UNDECLARED_SELECTOR = YES;
				GCC_WARN_UNINITIALIZED_AUTOS = YES_AGGRESSIVE;
				GCC_WARN_UNUSED_FUNCTION = YES;
				GCC_WARN_UNUSED_VARIABLE = YES;
				IPHONEOS_DEPLOYMENT_TARGET = 11.2;
				MTL_ENABLE_DEBUG_INFO = NO;
				SDKROOT = iphoneos;
				VALIDATE_PRODUCT = YES;
			};
			name = Release;
		};
		5403CF54200312DD0098605A /* Debug */ = {
			isa = XCBuildConfiguration;
			buildSettings = {
				ASSETCATALOG_COMPILER_APPICON_NAME = AppIcon;
				CODE_SIGN_STYLE = Automatic;
				INFOPLIST_FILE = Pthread/Info.plist;
				LD_RUNPATH_SEARCH_PATHS = "$(inherited) @executable_path/Frameworks";
				PRODUCT_BUNDLE_IDENTIFIER = com.Bo.Pthread;
				PRODUCT_NAME = "$(TARGET_NAME)";
				TARGETED_DEVICE_FAMILY = "1,2";
			};
			name = Debug;
		};
		5403CF55200312DD0098605A /* Release */ = {
			isa = XCBuildConfiguration;
			buildSettings = {
				ASSETCATALOG_COMPILER_APPICON_NAME = AppIcon;
				CODE_SIGN_STYLE = Automatic;
				INFOPLIST_FILE = Pthread/Info.plist;
				LD_RUNPATH_SEARCH_PATHS = "$(inherited) @executable_path/Frameworks";
				PRODUCT_BUNDLE_IDENTIFIER = com.Bo.Pthread;
				PRODUCT_NAME = "$(TARGET_NAME)";
				TARGETED_DEVICE_FAMILY = "1,2";
			};
			name = Release;
		};
/* End XCBuildConfiguration section */

/* Begin XCConfigurationList section */
		5403CF38200312DD0098605A /* Build configuration list for PBXProject "Pthread" */ = {
			isa = XCConfigurationList;
			buildConfigurations = (
				5403CF51200312DD0098605A /* Debug */,
				5403CF52200312DD0098605A /* Release */,
			);
			defaultConfigurationIsVisible = 0;
			defaultConfigurationName = Release;
		};
		5403CF53200312DD0098605A /* Build configuration list for PBXNativeTarget "Pthread" */ = {
			isa = XCConfigurationList;
			buildConfigurations = (
				5403CF54200312DD0098605A /* Debug */,
				5403CF55200312DD0098605A /* Release */,
			);
			defaultConfigurationIsVisible = 0;
			defaultConfigurationName = Release;
		};
/* End XCConfigurationList section */
	};
	rootObject = 5403CF35200312DD0098605A /* Project object */;
}
